
Microsoft Visual Studio Solution File, Format Version 12.00
# Visual Studio Version 17
VisualStudioVersion = 17.10.35122.118
MinimumVisualStudioVersion = 10.0.40219.1
Project("{9A19103F-16F7-4668-BE54-9A1E7A4F7556}") = "OFlow_Api", "WebApplication1\OFlow_Api.csproj", "{3CF01DD5-F54F-4567-A4D3-78D60FDE67F2}"
EndProject
Project("{9A19103F-16F7-4668-BE54-9A1E7A4F7556}") = "Oflow_app Server", "Oflow_app Server\Oflow_app Server.csproj", "{806C1C91-E59A-40CE-B964-30877F0A5B2C}"
	ProjectSection(ProjectDependencies) = postProject
		{3CF01DD5-F54F-4567-A4D3-78D60FDE67F2} = {3CF01DD5-F54F-4567-A4D3-78D60FDE67F2}
	EndProjectSection
EndProject
Global
	GlobalSection(SolutionConfigurationPlatforms) = preSolution
		Debug|Any CPU = Debug|Any CPU
		Release|Any CPU = Release|Any CPU
	EndGlobalSection
	GlobalSection(ProjectConfigurationPlatforms) = postSolution
		{3CF01DD5-F54F-4567-A4D3-78D60FDE67F2}.Debug|Any CPU.ActiveCfg = Debug|Any CPU
		{3CF01DD5-F54F-4567-A4D3-78D60FDE67F2}.Debug|Any CPU.Build.0 = Debug|Any CPU
		{3CF01DD5-F54F-4567-A4D3-78D60FDE67F2}.Release|Any CPU.ActiveCfg = Release|Any CPU
		{3CF01DD5-F54F-4567-A4D3-78D60FDE67F2}.Release|Any CPU.Build.0 = Release|Any CPU
		{806C1C91-E59A-40CE-B964-30877F0A5B2C}.Debug|Any CPU.ActiveCfg = Debug|Any CPU
		{806C1C91-E59A-40CE-B964-30877F0A5B2C}.Debug|Any CPU.Build.0 = Debug|Any CPU
		{806C1C91-E59A-40CE-B964-30877F0A5B2C}.Release|Any CPU.ActiveCfg = Release|Any CPU
		{806C1C91-E59A-40CE-B964-30877F0A5B2C}.Release|Any CPU.Build.0 = Release|Any CPU
	EndGlobalSection
	GlobalSection(SolutionProperties) = preSolution
		HideSolutionNode = FALSE
	EndGlobalSection
	GlobalSection(ExtensibilityGlobals) = postSolution
		SolutionGuid = {98E2C8A3-77C1-4073-8432-E25E721F13E4}
	EndGlobalSection
EndGlobal
